
Microsoft Visual Studio Solution File, Format Version 12.00
# Visual Studio Version 17
VisualStudioVersion = 17.3.32804.467
MinimumVisualStudioVersion = 10.0.40219.1
Project("{9A19103F-16F7-4668-BE54-9A1E7A4F7556}") = "Soccer", "Soccer\Soccer.csproj", "{C86E0C8D-D6F7-4700-89F7-9C1B969F5404}"
EndProject
Project("{9A19103F-16F7-4668-BE54-9A1E7A4F7556}") = "Soccer.DAL", "Soccer.DAL\Soccer.DAL.csproj", "{6808DC68-C898-4FE8-AF51-DFAE788F3648}"
EndProject
Project("{9A19103F-16F7-4668-BE54-9A1E7A4F7556}") = "Soccer.BLL", "Soccer.BLL\Soccer.BLL.csproj", "{F397BC6A-DB34-466F-B898-F90B15F01880}"
EndProject
Project("{9A19103F-16F7-4668-BE54-9A1E7A4F7556}") = "Soccer.COMMON", "Soccer.COMMON\Soccer.COMMON.csproj", "{2AAC36F4-1C55-46CB-BFEA-DC548879C914}"
EndProject
Project("{2150E333-8FDC-42A3-9474-1A3956D46DE8}") = "Solution Items", "Solution Items", "{F9C34575-A9E1-4293-BC94-170D7F5FA60F}"
	ProjectSection(SolutionItems) = preProject
		.editorconfig = .editorconfig
	EndProjectSection
EndProject
Project("{FAE04EC0-301F-11D3-BF4B-00C04F79EFBC}") = "Soccer.Tests", "Soccer.Tests\Soccer.Tests.csproj", "{1B1B72B6-BF56-4C38-92D8-9B35A7A391E2}"
EndProject
Global
	GlobalSection(SolutionConfigurationPlatforms) = preSolution
		Debug|Any CPU = Debug|Any CPU
		Release|Any CPU = Release|Any CPU
	EndGlobalSection
	GlobalSection(ProjectConfigurationPlatforms) = postSolution
		{C86E0C8D-D6F7-4700-89F7-9C1B969F5404}.Debug|Any CPU.ActiveCfg = Debug|Any CPU
		{C86E0C8D-D6F7-4700-89F7-9C1B969F5404}.Debug|Any CPU.Build.0 = Debug|Any CPU
		{C86E0C8D-D6F7-4700-89F7-9C1B969F5404}.Release|Any CPU.ActiveCfg = Release|Any CPU
		{C86E0C8D-D6F7-4700-89F7-9C1B969F5404}.Release|Any CPU.Build.0 = Release|Any CPU
		{6808DC68-C898-4FE8-AF51-DFAE788F3648}.Debug|Any CPU.ActiveCfg = Debug|Any CPU
		{6808DC68-C898-4FE8-AF51-DFAE788F3648}.Debug|Any CPU.Build.0 = Debug|Any CPU
		{6808DC68-C898-4FE8-AF51-DFAE788F3648}.Release|Any CPU.ActiveCfg = Release|Any CPU
		{6808DC68-C898-4FE8-AF51-DFAE788F3648}.Release|Any CPU.Build.0 = Release|Any CPU
		{F397BC6A-DB34-466F-B898-F90B15F01880}.Debug|Any CPU.ActiveCfg = Debug|Any CPU
		{F397BC6A-DB34-466F-B898-F90B15F01880}.Debug|Any CPU.Build.0 = Debug|Any CPU
		{F397BC6A-DB34-466F-B898-F90B15F01880}.Release|Any CPU.ActiveCfg = Release|Any CPU
		{F397BC6A-DB34-466F-B898-F90B15F01880}.Release|Any CPU.Build.0 = Release|Any CPU
		{2AAC36F4-1C55-46CB-BFEA-DC548879C914}.Debug|Any CPU.ActiveCfg = Debug|Any CPU
		{2AAC36F4-1C55-46CB-BFEA-DC548879C914}.Debug|Any CPU.Build.0 = Debug|Any CPU
		{2AAC36F4-1C55-46CB-BFEA-DC548879C914}.Release|Any CPU.ActiveCfg = Release|Any CPU
		{2AAC36F4-1C55-46CB-BFEA-DC548879C914}.Release|Any CPU.Build.0 = Release|Any CPU
		{1B1B72B6-BF56-4C38-92D8-9B35A7A391E2}.Debug|Any CPU.ActiveCfg = Debug|Any CPU
		{1B1B72B6-BF56-4C38-92D8-9B35A7A391E2}.Debug|Any CPU.Build.0 = Debug|Any CPU
		{1B1B72B6-BF56-4C38-92D8-9B35A7A391E2}.Release|Any CPU.ActiveCfg = Release|Any CPU
		{1B1B72B6-BF56-4C38-92D8-9B35A7A391E2}.Release|Any CPU.Build.0 = Release|Any CPU
	EndGlobalSection
	GlobalSection(SolutionProperties) = preSolution
		HideSolutionNode = FALSE
	EndGlobalSection
	GlobalSection(ExtensibilityGlobals) = postSolution
		SolutionGuid = {AE678E85-C855-4205-9C8D-3FA46F6A4C00}
	EndGlobalSection
EndGlobal
